// !$*UTF8*$!
{
	archiveVersion = 1;
	classes = {
	};
	objectVersion = 77;
	objects = {

/* Begin PBXBuildFile section */
		A311BA1E2E90EAC1008D4F98 /* AddEventView.swift in Sources */ = {isa = PBXBuildFile; fileRef = A311BA1D2E90EAC1008D4F98 /* AddEventView.swift */; };
		A311BA212E90EAEA008D4F98 /* OnboardingView.swift in Sources */ = {isa = PBXBuildFile; fileRef = A311BA1F2E90EAEA008D4F98 /* OnboardingView.swift */; };
		A311BA232E90EB02008D4F98 /* NotificationManager.swift in Sources */ = {isa = PBXBuildFile; fileRef = A311BA222E90EB02008D4F98 /* NotificationManager.swift */; };
		A337DB162E829B22009E6B77 /* Assets.xcassets in Resources */ = {isa = PBXBuildFile; fileRef = A337DB132E829B22009E6B77 /* Assets.xcassets */; };
		A337DB192E829B22009E6B77 /* CalendarView.swift in Sources */ = {isa = PBXBuildFile; fileRef = A337DB082E829B22009E6B77 /* CalendarView.swift */; };
		A337DB1A2E829B22009E6B77 /* CalendarViewModel.swift in Sources */ = {isa = PBXBuildFile; fileRef = A337DB092E829B22009E6B77 /* CalendarViewModel.swift */; };
		A337DB1C2E829B22009E6B77 /* Router.swift in Sources */ = {isa = PBXBuildFile; fileRef = A337DB0C2E829B22009E6B77 /* Router.swift */; };
		A337DB1D2E829B22009E6B77 /* SettingsView.swift in Sources */ = {isa = PBXBuildFile; fileRef = A337DB0E2E829B22009E6B77 /* SettingsView.swift */; };
		A337DB1E2E829B22009E6B77 /* SettingsViewModel.swift in Sources */ = {isa = PBXBuildFile; fileRef = A337DB0F2E829B22009E6B77 /* SettingsViewModel.swift */; };
		A337DB1F2E829B22009E6B77 /* EventModel.swift in Sources */ = {isa = PBXBuildFile; fileRef = A337DB112E829B22009E6B77 /* EventModel.swift */; };
		A337DB202E829B22009E6B77 /* LovendarApp.swift in Sources */ = {isa = PBXBuildFile; fileRef = A337DB142E829B22009E6B77 /* LovendarApp.swift */; };
		A337DB422E82A10A009E6B77 /* ContentView.swift in Sources */ = {isa = PBXBuildFile; fileRef = A337DB412E82A10A009E6B77 /* ContentView.swift */; };
		A337DB6D2E82C7B6009E6B77 /* OshiViewModel.swift in Sources */ = {isa = PBXBuildFile; fileRef = A337DB6B2E82C7B6009E6B77 /* OshiViewModel.swift */; };
		A337DB6E2E82C7B6009E6B77 /* AddOshiView.swift in Sources */ = {isa = PBXBuildFile; fileRef = A337DB682E82C7B6009E6B77 /* AddOshiView.swift */; };
		A337DB6F2E82C7B6009E6B77 /* OshiSelectionView.swift in Sources */ = {isa = PBXBuildFile; fileRef = A337DB6A2E82C7B6009E6B77 /* OshiSelectionView.swift */; };
		A337DB702E82C7B6009E6B77 /* OshiListView.swift in Sources */ = {isa = PBXBuildFile; fileRef = A337DB692E82C7B6009E6B77 /* OshiListView.swift */; };
		A337DB722E82C7C9009E6B77 /* OshiModel.swift in Sources */ = {isa = PBXBuildFile; fileRef = A337DB712E82C7C9009E6B77 /* OshiModel.swift */; };
		A337DB782E82CDFB009E6B77 /* CalendarViewMode.swift in Sources */ = {isa = PBXBuildFile; fileRef = A337DB772E82CDFB009E6B77 /* CalendarViewMode.swift */; };
		A347526E2E8EC18300632FF0 /* Secrets.swift in Sources */ = {isa = PBXBuildFile; fileRef = A347526D2E8EC18300632FF0 /* Secrets.swift */; };
		A39EDC882E8C2BC4007A8039 /* ThemeManager.swift in Sources */ = {isa = PBXBuildFile; fileRef = A39EDC872E8C2BC4007A8039 /* ThemeManager.swift */; };
		A3F2CD6D2E8E3EC700878EE5 /* NetworkError.swift in Sources */ = {isa = PBXBuildFile; fileRef = A3F2CD6B2E8E3EC700878EE5 /* NetworkError.swift */; };
		A3F2CD6E2E8E3EC700878EE5 /* EventService.swift in Sources */ = {isa = PBXBuildFile; fileRef = A3F2CD6A2E8E3EC700878EE5 /* EventService.swift */; };
		A3F2CD6F2E8E3EC700878EE5 /* OshiService.swift in Sources */ = {isa = PBXBuildFile; fileRef = A3F2CD6C2E8E3EC700878EE5 /* OshiService.swift */; };
		A3F2CD702E8E3EC700878EE5 /* AuthService.swift in Sources */ = {isa = PBXBuildFile; fileRef = A3F2CD682E8E3EC700878EE5 /* AuthService.swift */; };
		A3F2CD712E8E3EC700878EE5 /* CommonService.swift in Sources */ = {isa = PBXBuildFile; fileRef = A3F2CD692E8E3EC700878EE5 /* CommonService.swift */; };
		A3F2CD722E8E3EC700878EE5 /* APIConfig.swift in Sources */ = {isa = PBXBuildFile; fileRef = A3F2CD652E8E3EC700878EE5 /* APIConfig.swift */; };
		A3F2CD732E8E3EC700878EE5 /* APIService.swift in Sources */ = {isa = PBXBuildFile; fileRef = A3F2CD662E8E3EC700878EE5 /* APIService.swift */; };
		A3F2CD742E8E3EC700878EE5 /* AuthManager.swift in Sources */ = {isa = PBXBuildFile; fileRef = A3F2CD672E8E3EC700878EE5 /* AuthManager.swift */; };
		A3F2CD762E8E3EFD00878EE5 /* APIModels.swift in Sources */ = {isa = PBXBuildFile; fileRef = A3F2CD752E8E3EFD00878EE5 /* APIModels.swift */; };
		A3F2CD7A2E8E3F4C00878EE5 /* AuthViewModel.swift in Sources */ = {isa = PBXBuildFile; fileRef = A3F2CD782E8E3F4C00878EE5 /* AuthViewModel.swift */; };
		A3F2CD7B2E8E3F4C00878EE5 /* AuthView.swift in Sources */ = {isa = PBXBuildFile; fileRef = A3F2CD772E8E3F4C00878EE5 /* AuthView.swift */; };
		A3F2CD812E8E4C4800878EE5 /* EditOshiView.swift in Sources */ = {isa = PBXBuildFile; fileRef = A3F2CD802E8E4C4800878EE5 /* EditOshiView.swift */; };
		A3F2CD832E8E4C5500878EE5 /* NetworkError.swift in Sources */ = {isa = PBXBuildFile; fileRef = A3F2CD822E8E4C5500878EE5 /* NetworkError.swift */; };
/* End PBXBuildFile section */

/* Begin PBXFileReference section */
		A311BA1D2E90EAC1008D4F98 /* AddEventView.swift */ = {isa = PBXFileReference; lastKnownFileType = sourcecode.swift; path = AddEventView.swift; sourceTree = "<group>"; };
		A311BA1F2E90EAEA008D4F98 /* OnboardingView.swift */ = {isa = PBXFileReference; lastKnownFileType = sourcecode.swift; path = OnboardingView.swift; sourceTree = "<group>"; };
		A311BA222E90EB02008D4F98 /* NotificationManager.swift */ = {isa = PBXFileReference; lastKnownFileType = sourcecode.swift; path = NotificationManager.swift; sourceTree = "<group>"; };
		A337DA532E811B0C009E6B77 /* Lovendar.app */ = {isa = PBXFileReference; explicitFileType = wrapper.application; includeInIndex = 0; path = Lovendar.app; sourceTree = BUILT_PRODUCTS_DIR; };
		A337DB082E829B22009E6B77 /* CalendarView.swift */ = {isa = PBXFileReference; lastKnownFileType = sourcecode.swift; path = CalendarView.swift; sourceTree = "<group>"; };
		A337DB092E829B22009E6B77 /* CalendarViewModel.swift */ = {isa = PBXFileReference; lastKnownFileType = sourcecode.swift; path = CalendarViewModel.swift; sourceTree = "<group>"; };
		A337DB0C2E829B22009E6B77 /* Router.swift */ = {isa = PBXFileReference; lastKnownFileType = sourcecode.swift; path = Router.swift; sourceTree = "<group>"; };
		A337DB0E2E829B22009E6B77 /* SettingsView.swift */ = {isa = PBXFileReference; lastKnownFileType = sourcecode.swift; path = SettingsView.swift; sourceTree = "<group>"; };
		A337DB0F2E829B22009E6B77 /* SettingsViewModel.swift */ = {isa = PBXFileReference; lastKnownFileType = sourcecode.swift; path = SettingsViewModel.swift; sourceTree = "<group>"; };
		A337DB112E829B22009E6B77 /* EventModel.swift */ = {isa = PBXFileReference; lastKnownFileType = sourcecode.swift; path = EventModel.swift; sourceTree = "<group>"; };
		A337DB132E829B22009E6B77 /* Assets.xcassets */ = {isa = PBXFileReference; lastKnownFileType = folder.assetcatalog; path = Assets.xcassets; sourceTree = "<group>"; };
		A337DB142E829B22009E6B77 /* LovendarApp.swift */ = {isa = PBXFileReference; lastKnownFileType = sourcecode.swift; path = LovendarApp.swift; sourceTree = "<group>"; };
		A337DB412E82A10A009E6B77 /* ContentView.swift */ = {isa = PBXFileReference; lastKnownFileType = sourcecode.swift; path = ContentView.swift; sourceTree = "<group>"; };
		A337DB682E82C7B6009E6B77 /* AddOshiView.swift */ = {isa = PBXFileReference; lastKnownFileType = sourcecode.swift; path = AddOshiView.swift; sourceTree = "<group>"; };
		A337DB692E82C7B6009E6B77 /* OshiListView.swift */ = {isa = PBXFileReference; lastKnownFileType = sourcecode.swift; path = OshiListView.swift; sourceTree = "<group>"; };
		A337DB6A2E82C7B6009E6B77 /* OshiSelectionView.swift */ = {isa = PBXFileReference; lastKnownFileType = sourcecode.swift; path = OshiSelectionView.swift; sourceTree = "<group>"; };
		A337DB6B2E82C7B6009E6B77 /* OshiViewModel.swift */ = {isa = PBXFileReference; lastKnownFileType = sourcecode.swift; path = OshiViewModel.swift; sourceTree = "<group>"; };
		A337DB712E82C7C9009E6B77 /* OshiModel.swift */ = {isa = PBXFileReference; lastKnownFileType = sourcecode.swift; path = OshiModel.swift; sourceTree = "<group>"; };
		A337DB772E82CDFB009E6B77 /* CalendarViewMode.swift */ = {isa = PBXFileReference; lastKnownFileType = sourcecode.swift; path = CalendarViewMode.swift; sourceTree = "<group>"; };
		A347526D2E8EC18300632FF0 /* Secrets.swift */ = {isa = PBXFileReference; lastKnownFileType = sourcecode.swift; path = Secrets.swift; sourceTree = "<group>"; };
		A39EDC872E8C2BC4007A8039 /* ThemeManager.swift */ = {isa = PBXFileReference; lastKnownFileType = sourcecode.swift; path = ThemeManager.swift; sourceTree = "<group>"; };
		A3F2CD652E8E3EC700878EE5 /* APIConfig.swift */ = {isa = PBXFileReference; lastKnownFileType = sourcecode.swift; path = APIConfig.swift; sourceTree = "<group>"; };
		A3F2CD662E8E3EC700878EE5 /* APIService.swift */ = {isa = PBXFileReference; lastKnownFileType = sourcecode.swift; path = APIService.swift; sourceTree = "<group>"; };
		A3F2CD672E8E3EC700878EE5 /* AuthManager.swift */ = {isa = PBXFileReference; lastKnownFileType = sourcecode.swift; path = AuthManager.swift; sourceTree = "<group>"; };
		A3F2CD682E8E3EC700878EE5 /* AuthService.swift */ = {isa = PBXFileReference; lastKnownFileType = sourcecode.swift; path = AuthService.swift; sourceTree = "<group>"; };
		A3F2CD692E8E3EC700878EE5 /* CommonService.swift */ = {isa = PBXFileReference; lastKnownFileType = sourcecode.swift; path = CommonService.swift; sourceTree = "<group>"; };
		A3F2CD6A2E8E3EC700878EE5 /* EventService.swift */ = {isa = PBXFileReference; lastKnownFileType = sourcecode.swift; path = EventService.swift; sourceTree = "<group>"; };
		A3F2CD6B2E8E3EC700878EE5 /* NetworkError.swift */ = {isa = PBXFileReference; lastKnownFileType = sourcecode.swift; path = NetworkError.swift; sourceTree = "<group>"; };
		A3F2CD6C2E8E3EC700878EE5 /* OshiService.swift */ = {isa = PBXFileReference; lastKnownFileType = sourcecode.swift; path = OshiService.swift; sourceTree = "<group>"; };
		A3F2CD752E8E3EFD00878EE5 /* APIModels.swift */ = {isa = PBXFileReference; lastKnownFileType = sourcecode.swift; path = APIModels.swift; sourceTree = "<group>"; };
		A3F2CD772E8E3F4C00878EE5 /* AuthView.swift */ = {isa = PBXFileReference; lastKnownFileType = sourcecode.swift; path = AuthView.swift; sourceTree = "<group>"; };
		A3F2CD782E8E3F4C00878EE5 /* AuthViewModel.swift */ = {isa = PBXFileReference; lastKnownFileType = sourcecode.swift; path = AuthViewModel.swift; sourceTree = "<group>"; };
		A3F2CD802E8E4C4800878EE5 /* EditOshiView.swift */ = {isa = PBXFileReference; lastKnownFileType = sourcecode.swift; path = EditOshiView.swift; sourceTree = "<group>"; };
		A3F2CD822E8E4C5500878EE5 /* NetworkError.swift */ = {isa = PBXFileReference; lastKnownFileType = sourcecode.swift; path = NetworkError.swift; sourceTree = "<group>"; };
/* End PBXFileReference section */

/* Begin PBXFrameworksBuildPhase section */
		A337DA502E811B0C009E6B77 /* Frameworks */ = {
			isa = PBXFrameworksBuildPhase;
			buildActionMask = 2147483647;
			files = (
			);
			runOnlyForDeploymentPostprocessing = 0;
		};
/* End PBXFrameworksBuildPhase section */

/* Begin PBXGroup section */
		A311BA202E90EAEA008D4F98 /* Onboarding */ = {
			isa = PBXGroup;
			children = (
				A311BA1F2E90EAEA008D4F98 /* OnboardingView.swift */,
			);
			path = Onboarding;
			sourceTree = "<group>";
		};
		A337DA4A2E811B0B009E6B77 = {
			isa = PBXGroup;
			children = (
				A337DB152E829B22009E6B77 /* Lovendar */,
				A337DA542E811B0C009E6B77 /* Products */,
			);
			sourceTree = "<group>";
		};
		A337DA542E811B0C009E6B77 /* Products */ = {
			isa = PBXGroup;
			children = (
				A337DA532E811B0C009E6B77 /* Lovendar.app */,
			);
			name = Products;
			sourceTree = "<group>";
		};
		A337DB0A2E829B22009E6B77 /* Calendar */ = {
			isa = PBXGroup;
			children = (
				A311BA1D2E90EAC1008D4F98 /* AddEventView.swift */,
				A337DB772E82CDFB009E6B77 /* CalendarViewMode.swift */,
				A337DB082E829B22009E6B77 /* CalendarView.swift */,
				A337DB092E829B22009E6B77 /* CalendarViewModel.swift */,
			);
			path = Calendar;
			sourceTree = "<group>";
		};
		A337DB0D2E829B22009E6B77 /* Core */ = {
			isa = PBXGroup;
			children = (
				A311BA222E90EB02008D4F98 /* NotificationManager.swift */,
				A347526D2E8EC18300632FF0 /* Secrets.swift */,
				A3F2CD822E8E4C5500878EE5 /* NetworkError.swift */,
				A3F2CD652E8E3EC700878EE5 /* APIConfig.swift */,
				A3F2CD662E8E3EC700878EE5 /* APIService.swift */,
				A3F2CD672E8E3EC700878EE5 /* AuthManager.swift */,
				A3F2CD682E8E3EC700878EE5 /* AuthService.swift */,
				A3F2CD692E8E3EC700878EE5 /* CommonService.swift */,
				A3F2CD6A2E8E3EC700878EE5 /* EventService.swift */,
				A3F2CD6B2E8E3EC700878EE5 /* NetworkError.swift */,
				A3F2CD6C2E8E3EC700878EE5 /* OshiService.swift */,
				A39EDC872E8C2BC4007A8039 /* ThemeManager.swift */,
				A337DB0C2E829B22009E6B77 /* Router.swift */,
			);
			path = Core;
			sourceTree = "<group>";
		};
		A337DB102E829B22009E6B77 /* Setting */ = {
			isa = PBXGroup;
			children = (
				A337DB0E2E829B22009E6B77 /* SettingsView.swift */,
				A337DB0F2E829B22009E6B77 /* SettingsViewModel.swift */,
			);
			path = Setting;
			sourceTree = "<group>";
		};
		A337DB122E829B22009E6B77 /* Shared */ = {
			isa = PBXGroup;
			children = (
				A3F2CD752E8E3EFD00878EE5 /* APIModels.swift */,
				A337DB712E82C7C9009E6B77 /* OshiModel.swift */,
				A337DB112E829B22009E6B77 /* EventModel.swift */,
			);
			path = Shared;
			sourceTree = "<group>";
		};
		A337DB152E829B22009E6B77 /* Lovendar */ = {
			isa = PBXGroup;
			children = (
				A311BA202E90EAEA008D4F98 /* Onboarding */,
				A3F2CD792E8E3F4C00878EE5 /* Auth */,
				A337DB6C2E82C7B6009E6B77 /* Oshi */,
				A337DB412E82A10A009E6B77 /* ContentView.swift */,
				A337DB0A2E829B22009E6B77 /* Calendar */,
				A337DB0D2E829B22009E6B77 /* Core */,
				A337DB102E829B22009E6B77 /* Setting */,
				A337DB122E829B22009E6B77 /* Shared */,
				A337DB132E829B22009E6B77 /* Assets.xcassets */,
				A337DB142E829B22009E6B77 /* LovendarApp.swift */,
			);
			path = Lovendar;
			sourceTree = "<group>";
		};
		A337DB6C2E82C7B6009E6B77 /* Oshi */ = {
			isa = PBXGroup;
			children = (
				A3F2CD802E8E4C4800878EE5 /* EditOshiView.swift */,
				A337DB682E82C7B6009E6B77 /* AddOshiView.swift */,
				A337DB692E82C7B6009E6B77 /* OshiListView.swift */,
				A337DB6A2E82C7B6009E6B77 /* OshiSelectionView.swift */,
				A337DB6B2E82C7B6009E6B77 /* OshiViewModel.swift */,
			);
			path = Oshi;
			sourceTree = "<group>";
		};
		A3F2CD792E8E3F4C00878EE5 /* Auth */ = {
			isa = PBXGroup;
			children = (
				A3F2CD772E8E3F4C00878EE5 /* AuthView.swift */,
				A3F2CD782E8E3F4C00878EE5 /* AuthViewModel.swift */,
			);
			path = Auth;
			sourceTree = "<group>";
		};
/* End PBXGroup section */

/* Begin PBXNativeTarget section */
		A337DA522E811B0C009E6B77 /* Lovendar */ = {
			isa = PBXNativeTarget;
			buildConfigurationList = A337DA5E2E811B0D009E6B77 /* Build configuration list for PBXNativeTarget "Lovendar" */;
			buildPhases = (
				A337DA4F2E811B0C009E6B77 /* Sources */,
				A337DA502E811B0C009E6B77 /* Frameworks */,
				A337DA512E811B0C009E6B77 /* Resources */,
			);
			buildRules = (
			);
			dependencies = (
			);
			name = Lovendar;
			packageProductDependencies = (
			);
			productName = Lovendar;
			productReference = A337DA532E811B0C009E6B77 /* Lovendar.app */;
			productType = "com.apple.product-type.application";
		};
/* End PBXNativeTarget section */

/* Begin PBXProject section */
		A337DA4B2E811B0B009E6B77 /* Project object */ = {
			isa = PBXProject;
			attributes = {
				BuildIndependentTargetsInParallel = 1;
				LastSwiftUpdateCheck = 2600;
				LastUpgradeCheck = 2600;
				TargetAttributes = {
					A337DA522E811B0C009E6B77 = {
						CreatedOnToolsVersion = 26.0;
					};
				};
			};
			buildConfigurationList = A337DA4E2E811B0B009E6B77 /* Build configuration list for PBXProject "Lovendar" */;
			developmentRegion = en;
			hasScannedForEncodings = 0;
			knownRegions = (
				en,
				Base,
			);
			mainGroup = A337DA4A2E811B0B009E6B77;
			minimizedProjectReferenceProxies = 1;
			preferredProjectObjectVersion = 77;
			productRefGroup = A337DA542E811B0C009E6B77 /* Products */;
			projectDirPath = "";
			projectRoot = "";
			targets = (
				A337DA522E811B0C009E6B77 /* Lovendar */,
			);
		};
/* End PBXProject section */

/* Begin PBXResourcesBuildPhase section */
		A337DA512E811B0C009E6B77 /* Resources */ = {
			isa = PBXResourcesBuildPhase;
			buildActionMask = 2147483647;
			files = (
				A337DB162E829B22009E6B77 /* Assets.xcassets in Resources */,
			);
			runOnlyForDeploymentPostprocessing = 0;
		};
/* End PBXResourcesBuildPhase section */

/* Begin PBXSourcesBuildPhase section */
		A337DA4F2E811B0C009E6B77 /* Sources */ = {
			isa = PBXSourcesBuildPhase;
			buildActionMask = 2147483647;
			files = (
				A337DB192E829B22009E6B77 /* CalendarView.swift in Sources */,
				A3F2CD832E8E4C5500878EE5 /* NetworkError.swift in Sources */,
				A337DB6D2E82C7B6009E6B77 /* OshiViewModel.swift in Sources */,
				A3F2CD6D2E8E3EC700878EE5 /* NetworkError.swift in Sources */,
				A3F2CD6E2E8E3EC700878EE5 /* EventService.swift in Sources */,
				A3F2CD6F2E8E3EC700878EE5 /* OshiService.swift in Sources */,
				A3F2CD702E8E3EC700878EE5 /* AuthService.swift in Sources */,
				A3F2CD812E8E4C4800878EE5 /* EditOshiView.swift in Sources */,
				A3F2CD712E8E3EC700878EE5 /* CommonService.swift in Sources */,
				A3F2CD722E8E3EC700878EE5 /* APIConfig.swift in Sources */,
				A3F2CD732E8E3EC700878EE5 /* APIService.swift in Sources */,
				A3F2CD742E8E3EC700878EE5 /* AuthManager.swift in Sources */,
				A39EDC882E8C2BC4007A8039 /* ThemeManager.swift in Sources */,
				A337DB6E2E82C7B6009E6B77 /* AddOshiView.swift in Sources */,
				A3F2CD7A2E8E3F4C00878EE5 /* AuthViewModel.swift in Sources */,
				A3F2CD7B2E8E3F4C00878EE5 /* AuthView.swift in Sources */,
				A337DB6F2E82C7B6009E6B77 /* OshiSelectionView.swift in Sources */,
				A337DB702E82C7B6009E6B77 /* OshiListView.swift in Sources */,
				A3F2CD762E8E3EFD00878EE5 /* APIModels.swift in Sources */,
				A337DB1A2E829B22009E6B77 /* CalendarViewModel.swift in Sources */,
				A311BA212E90EAEA008D4F98 /* OnboardingView.swift in Sources */,
				A337DB1C2E829B22009E6B77 /* Router.swift in Sources */,
				A311BA232E90EB02008D4F98 /* NotificationManager.swift in Sources */,
				A347526E2E8EC18300632FF0 /* Secrets.swift in Sources */,
				A337DB1D2E829B22009E6B77 /* SettingsView.swift in Sources */,
				A337DB782E82CDFB009E6B77 /* CalendarViewMode.swift in Sources */,
				A337DB422E82A10A009E6B77 /* ContentView.swift in Sources */,
				A311BA1E2E90EAC1008D4F98 /* AddEventView.swift in Sources */,
				A337DB1E2E829B22009E6B77 /* SettingsViewModel.swift in Sources */,
				A337DB1F2E829B22009E6B77 /* EventModel.swift in Sources */,
				A337DB202E829B22009E6B77 /* LovendarApp.swift in Sources */,
				A337DB722E82C7C9009E6B77 /* OshiModel.swift in Sources */,
			);
			runOnlyForDeploymentPostprocessing = 0;
		};
/* End PBXSourcesBuildPhase section */

/* Begin XCBuildConfiguration section */
		A337DA5C2E811B0D009E6B77 /* Debug */ = {
			isa = XCBuildConfiguration;
			buildSettings = {
				ALWAYS_SEARCH_USER_PATHS = NO;
				ASSETCATALOG_COMPILER_GENERATE_SWIFT_ASSET_SYMBOL_EXTENSIONS = YES;
				CLANG_ANALYZER_NONNULL = YES;
				CLANG_ANALYZER_NUMBER_OBJECT_CONVERSION = YES_AGGRESSIVE;
				CLANG_CXX_LANGUAGE_STANDARD = "gnu++20";
				CLANG_ENABLE_MODULES = YES;
				CLANG_ENABLE_OBJC_ARC = YES;
				CLANG_ENABLE_OBJC_WEAK = YES;
				CLANG_WARN_BLOCK_CAPTURE_AUTORELEASING = YES;
				CLANG_WARN_BOOL_CONVERSION = YES;
				CLANG_WARN_COMMA = YES;
				CLANG_WARN_CONSTANT_CONVERSION = YES;
				CLANG_WARN_DEPRECATED_OBJC_IMPLEMENTATIONS = YES;
				CLANG_WARN_DIRECT_OBJC_ISA_USAGE = YES_ERROR;
				CLANG_WARN_DOCUMENTATION_COMMENTS = YES;
				CLANG_WARN_EMPTY_BODY = YES;
				CLANG_WARN_ENUM_CONVERSION = YES;
				CLANG_WARN_INFINITE_RECURSION = YES;
				CLANG_WARN_INT_CONVERSION = YES;
				CLANG_WARN_NON_LITERAL_NULL_CONVERSION = YES;
				CLANG_WARN_OBJC_IMPLICIT_RETAIN_SELF = YES;
				CLANG_WARN_OBJC_LITERAL_CONVERSION = YES;
				CLANG_WARN_OBJC_ROOT_CLASS = YES_ERROR;
				CLANG_WARN_QUOTED_INCLUDE_IN_FRAMEWORK_HEADER = YES;
				CLANG_WARN_RANGE_LOOP_ANALYSIS = YES;
				CLANG_WARN_STRICT_PROTOTYPES = YES;
				CLANG_WARN_SUSPICIOUS_MOVE = YES;
				CLANG_WARN_UNGUARDED_AVAILABILITY = YES_AGGRESSIVE;
				CLANG_WARN_UNREACHABLE_CODE = YES;
				CLANG_WARN__DUPLICATE_METHOD_MATCH = YES;
				COPY_PHASE_STRIP = NO;
				DEBUG_INFORMATION_FORMAT = dwarf;
				DEVELOPMENT_TEAM = H6CUG7GW6R;
				ENABLE_STRICT_OBJC_MSGSEND = YES;
				ENABLE_TESTABILITY = YES;
				ENABLE_USER_SCRIPT_SANDBOXING = YES;
				GCC_C_LANGUAGE_STANDARD = gnu17;
				GCC_DYNAMIC_NO_PIC = NO;
				GCC_NO_COMMON_BLOCKS = YES;
				GCC_OPTIMIZATION_LEVEL = 0;
				GCC_PREPROCESSOR_DEFINITIONS = (
					"DEBUG=1",
					"$(inherited)",
				);
				GCC_WARN_64_TO_32_BIT_CONVERSION = YES;
				GCC_WARN_ABOUT_RETURN_TYPE = YES_ERROR;
				GCC_WARN_UNDECLARED_SELECTOR = YES;
				GCC_WARN_UNINITIALIZED_AUTOS = YES_AGGRESSIVE;
				GCC_WARN_UNUSED_FUNCTION = YES;
				GCC_WARN_UNUSED_VARIABLE = YES;
				IPHONEOS_DEPLOYMENT_TARGET = 26.0;
				LOCALIZATION_PREFERS_STRING_CATALOGS = YES;
				MTL_ENABLE_DEBUG_INFO = INCLUDE_SOURCE;
				MTL_FAST_MATH = YES;
				ONLY_ACTIVE_ARCH = YES;
				SDKROOT = iphoneos;
				SWIFT_ACTIVE_COMPILATION_CONDITIONS = "DEBUG $(inherited)";
				SWIFT_OPTIMIZATION_LEVEL = "-Onone";
			};
			name = Debug;
		};
		A337DA5D2E811B0D009E6B77 /* Release */ = {
			isa = XCBuildConfiguration;
			buildSettings = {
				ALWAYS_SEARCH_USER_PATHS = NO;
				ASSETCATALOG_COMPILER_GENERATE_SWIFT_ASSET_SYMBOL_EXTENSIONS = YES;
				CLANG_ANALYZER_NONNULL = YES;
				CLANG_ANALYZER_NUMBER_OBJECT_CONVERSION = YES_AGGRESSIVE;
				CLANG_CXX_LANGUAGE_STANDARD = "gnu++20";
				CLANG_ENABLE_MODULES = YES;
				CLANG_ENABLE_OBJC_ARC = YES;
				CLANG_ENABLE_OBJC_WEAK = YES;
				CLANG_WARN_BLOCK_CAPTURE_AUTORELEASING = YES;
				CLANG_WARN_BOOL_CONVERSION = YES;
				CLANG_WARN_COMMA = YES;
				CLANG_WARN_CONSTANT_CONVERSION = YES;
				CLANG_WARN_DEPRECATED_OBJC_IMPLEMENTATIONS = YES;
				CLANG_WARN_DIRECT_OBJC_ISA_USAGE = YES_ERROR;
				CLANG_WARN_DOCUMENTATION_COMMENTS = YES;
				CLANG_WARN_EMPTY_BODY = YES;
				CLANG_WARN_ENUM_CONVERSION = YES;
				CLANG_WARN_INFINITE_RECURSION = YES;
				CLANG_WARN_INT_CONVERSION = YES;
				CLANG_WARN_NON_LITERAL_NULL_CONVERSION = YES;
				CLANG_WARN_OBJC_IMPLICIT_RETAIN_SELF = YES;
				CLANG_WARN_OBJC_LITERAL_CONVERSION = YES;
				CLANG_WARN_OBJC_ROOT_CLASS = YES_ERROR;
				CLANG_WARN_QUOTED_INCLUDE_IN_FRAMEWORK_HEADER = YES;
				CLANG_WARN_RANGE_LOOP_ANALYSIS = YES;
				CLANG_WARN_STRICT_PROTOTYPES = YES;
				CLANG_WARN_SUSPICIOUS_MOVE = YES;
				CLANG_WARN_UNGUARDED_AVAILABILITY = YES_AGGRESSIVE;
				CLANG_WARN_UNREACHABLE_CODE = YES;
				CLANG_WARN__DUPLICATE_METHOD_MATCH = YES;
				COPY_PHASE_STRIP = NO;
				DEBUG_INFORMATION_FORMAT = "dwarf-with-dsym";
				DEVELOPMENT_TEAM = H6CUG7GW6R;
				ENABLE_NS_ASSERTIONS = NO;
				ENABLE_STRICT_OBJC_MSGSEND = YES;
				ENABLE_USER_SCRIPT_SANDBOXING = YES;
				GCC_C_LANGUAGE_STANDARD = gnu17;
				GCC_NO_COMMON_BLOCKS = YES;
				GCC_WARN_64_TO_32_BIT_CONVERSION = YES;
				GCC_WARN_ABOUT_RETURN_TYPE = YES_ERROR;
				GCC_WARN_UNDECLARED_SELECTOR = YES;
				GCC_WARN_UNINITIALIZED_AUTOS = YES_AGGRESSIVE;
				GCC_WARN_UNUSED_FUNCTION = YES;
				GCC_WARN_UNUSED_VARIABLE = YES;
				IPHONEOS_DEPLOYMENT_TARGET = 26.0;
				LOCALIZATION_PREFERS_STRING_CATALOGS = YES;
				MTL_ENABLE_DEBUG_INFO = NO;
				MTL_FAST_MATH = YES;
				SDKROOT = iphoneos;
				SWIFT_COMPILATION_MODE = wholemodule;
				VALIDATE_PRODUCT = YES;
			};
			name = Release;
		};
		A337DA5F2E811B0D009E6B77 /* Debug */ = {
			isa = XCBuildConfiguration;
			buildSettings = {
				ASSETCATALOG_COMPILER_APPICON_NAME = AppIcon;
				ASSETCATALOG_COMPILER_GLOBAL_ACCENT_COLOR_NAME = AccentColor;
				CODE_SIGN_STYLE = Automatic;
				CURRENT_PROJECT_VERSION = 1;
				DEVELOPMENT_TEAM = H6CUG7GW6R;
				ENABLE_PREVIEWS = YES;
				GENERATE_INFOPLIST_FILE = YES;
				INFOPLIST_KEY_UIApplicationSceneManifest_Generation = YES;
				INFOPLIST_KEY_UIApplicationSupportsIndirectInputEvents = YES;
				INFOPLIST_KEY_UILaunchScreen_Generation = YES;
				INFOPLIST_KEY_UISupportedInterfaceOrientations_iPad = "UIInterfaceOrientationPortrait UIInterfaceOrientationPortraitUpsideDown UIInterfaceOrientationLandscapeLeft UIInterfaceOrientationLandscapeRight";
				INFOPLIST_KEY_UISupportedInterfaceOrientations_iPhone = "UIInterfaceOrientationPortrait UIInterfaceOrientationLandscapeLeft UIInterfaceOrientationLandscapeRight";
				LD_RUNPATH_SEARCH_PATHS = (
					"$(inherited)",
					"@executable_path/Frameworks",
				);
				MARKETING_VERSION = 1.0;
				PRODUCT_BUNDLE_IDENTIFIER = skyshark.Lovendar;
				PRODUCT_NAME = "$(TARGET_NAME)";
				STRING_CATALOG_GENERATE_SYMBOLS = YES;
				SWIFT_APPROACHABLE_CONCURRENCY = YES;
				SWIFT_DEFAULT_ACTOR_ISOLATION = MainActor;
				SWIFT_EMIT_LOC_STRINGS = YES;
				SWIFT_UPCOMING_FEATURE_MEMBER_IMPORT_VISIBILITY = YES;
				SWIFT_VERSION = 5.0;
				TARGETED_DEVICE_FAMILY = "1,2";
			};
			name = Debug;
		};
		A337DA602E811B0D009E6B77 /* Release */ = {
			isa = XCBuildConfiguration;
			buildSettings = {
				ASSETCATALOG_COMPILER_APPICON_NAME = AppIcon;
				ASSETCATALOG_COMPILER_GLOBAL_ACCENT_COLOR_NAME = AccentColor;
				CODE_SIGN_STYLE = Automatic;
				CURRENT_PROJECT_VERSION = 1;
				DEVELOPMENT_TEAM = H6CUG7GW6R;
				ENABLE_PREVIEWS = YES;
				GENERATE_INFOPLIST_FILE = YES;
				INFOPLIST_KEY_UIApplicationSceneManifest_Generation = YES;
				INFOPLIST_KEY_UIApplicationSupportsIndirectInputEvents = YES;
				INFOPLIST_KEY_UILaunchScreen_Generation = YES;
				INFOPLIST_KEY_UISupportedInterfaceOrientations_iPad = "UIInterfaceOrientationPortrait UIInterfaceOrientationPortraitUpsideDown UIInterfaceOrientationLandscapeLeft UIInterfaceOrientationLandscapeRight";
				INFOPLIST_KEY_UISupportedInterfaceOrientations_iPhone = "UIInterfaceOrientationPortrait UIInterfaceOrientationLandscapeLeft UIInterfaceOrientationLandscapeRight";
				LD_RUNPATH_SEARCH_PATHS = (
					"$(inherited)",
					"@executable_path/Frameworks",
				);
				MARKETING_VERSION = 1.0;
				PRODUCT_BUNDLE_IDENTIFIER = skyshark.Lovendar;
				PRODUCT_NAME = "$(TARGET_NAME)";
				STRING_CATALOG_GENERATE_SYMBOLS = YES;
				SWIFT_APPROACHABLE_CONCURRENCY = YES;
				SWIFT_DEFAULT_ACTOR_ISOLATION = MainActor;
				SWIFT_EMIT_LOC_STRINGS = YES;
				SWIFT_UPCOMING_FEATURE_MEMBER_IMPORT_VISIBILITY = YES;
				SWIFT_VERSION = 5.0;
				TARGETED_DEVICE_FAMILY = "1,2";
			};
			name = Release;
		};
/* End XCBuildConfiguration section */

/* Begin XCConfigurationList section */
		A337DA4E2E811B0B009E6B77 /* Build configuration list for PBXProject "Lovendar" */ = {
			isa = XCConfigurationList;
			buildConfigurations = (
				A337DA5C2E811B0D009E6B77 /* Debug */,
				A337DA5D2E811B0D009E6B77 /* Release */,
			);
			defaultConfigurationIsVisible = 0;
			defaultConfigurationName = Release;
		};
		A337DA5E2E811B0D009E6B77 /* Build configuration list for PBXNativeTarget "Lovendar" */ = {
			isa = XCConfigurationList;
			buildConfigurations = (
				A337DA5F2E811B0D009E6B77 /* Debug */,
				A337DA602E811B0D009E6B77 /* Release */,
			);
			defaultConfigurationIsVisible = 0;
			defaultConfigurationName = Release;
		};
/* End XCConfigurationList section */
	};
	rootObject = A337DA4B2E811B0B009E6B77 /* Project object */;
}
